{
  "name": "hub_js",
  "version": "0.0.1",
  "lockfileVersion": 3,
  "requires": true,
  "packages": {
    "": {
      "name": "hub_js",
      "version": "0.0.1",
      "license": "ISC",
      "dependencies": {
        "@matter/main": "^0.11.9",
        "@project-chip/matter.js": "^0.11.9",
        "ws": "^8.18.1"
      },
      "devDependencies": {
        "@types/node": "^22.13.5",
        "@types/uuid": "^10.0.0",
        "@types/ws": "^8.5.14",
        "typescript": "^5.7.3"
      },
      "engines": {
        "node": ">=18.0.0"
      }
    },
    "node_modules/@matter/general": {
      "version": "0.11.9",
      "resolved": "https://registry.npmjs.org/@matter/general/-/general-0.11.9.tgz",
      "integrity": "sha512-7TsG7/2xQMDq/qaHcx52H0KxQajV19CrhUGbf7NlxIzTYeUFBdr6ddxELuUVfGLIKS8NNwL8bs43kgOBV7VUsA==",
      "dependencies": {
        "@noble/curves": "^1.7.0"
      }
    },
    "node_modules/@matter/main": {
      "version": "0.11.9",
      "resolved": "https://registry.npmjs.org/@matter/main/-/main-0.11.9.tgz",
      "integrity": "sha512-CrGsvUq/aI4h2TsbupkUJGWnN92YfLIj++8eKXbF3X9PZqVLun6e5HAxUdgIJ33jdPFpSLXeCObuPhLCmxliLQ==",
      "dependencies": {
        "@matter/general": "0.11.9",
        "@matter/model": "0.11.9",
        "@matter/node": "0.11.9",
        "@matter/protocol": "0.11.9",
        "@matter/types": "0.11.9",
        "@noble/curves": "^1.7.0"
      },
      "optionalDependencies": {
        "@matter/nodejs": "0.11.9"
      }
    },
    "node_modules/@matter/model": {
      "version": "0.11.9",
      "resolved": "https://registry.npmjs.org/@matter/model/-/model-0.11.9.tgz",
      "integrity": "sha512-WU/SkLjeAScBiVwmkVAEWVSuGgYDMTQLmJH5nBrCsOPgcCzC4+fFt7aEfeobPl2+XrdkkKkhPuFkYXqNM73rQA==",
      "dependencies": {
        "@matter/general": "0.11.9",
        "@noble/curves": "^1.7.0"
      }
    },
    "node_modules/@matter/node": {
      "version": "0.11.9",
      "resolved": "https://registry.npmjs.org/@matter/node/-/node-0.11.9.tgz",
      "integrity": "sha512-6Zbugz7JZnnFC45RdIwYacfLLLjpBM/PooVfR/LqcB7YdyIJRQN5o6Ws668bGTq6OEcjUAvA1tjbvA3bMMuiSw==",
      "dependencies": {
        "@matter/general": "0.11.9",
        "@matter/model": "0.11.9",
        "@matter/protocol": "0.11.9",
        "@matter/types": "0.11.9",
        "@noble/curves": "^1.7.0"
      }
    },
    "node_modules/@matter/nodejs": {
      "version": "0.11.9",
      "resolved": "https://registry.npmjs.org/@matter/nodejs/-/nodejs-0.11.9.tgz",
      "integrity": "sha512-NJR2lKElalnjljl+KXgmXcLrdoaK4MH/BA57RYJ2KC3e5ZD+oxhFXfIxCUm37p7anlvv6GcK9ELkJyNaB0zg8A==",
      "optional": true,
      "dependencies": {
        "@matter/general": "0.11.9",
        "@matter/node": "0.11.9",
        "@matter/protocol": "0.11.9",
        "@matter/types": "0.11.9",
        "node-localstorage": "^3.0.5"
      },
      "engines": {
        "node": ">=18.0.0"
      }
    },
    "node_modules/@matter/protocol": {
      "version": "0.11.9",
      "resolved": "https://registry.npmjs.org/@matter/protocol/-/protocol-0.11.9.tgz",
      "integrity": "sha512-AJ+1IqG8ISiZIvt4ltvSOxP+2+5wojR/1ZKjD+Wt1DdzwJA6Byhg7BnstwveZM6vl6HnQ+ZJz71RKgzhBaZR1g==",
      "dependencies": {
        "@matter/general": "0.11.9",
        "@matter/model": "0.11.9",
        "@matter/types": "0.11.9",
        "@noble/curves": "^1.7.0"
      }
    },
    "node_modules/@matter/types": {
      "version": "0.11.9",
      "resolved": "https://registry.npmjs.org/@matter/types/-/types-0.11.9.tgz",
      "integrity": "sha512-TcPVAXlfON84Uz6JeWYlc613GqXAHeh26mraLHq3dhbGyOOVJ25HpZTFN0q/IvDrRlyI8eOihAgk4iEMvihlnA==",
      "dependencies": {
        "@matter/general": "0.11.9",
        "@matter/model": "0.11.9",
        "@noble/curves": "^1.7.0"
      }
    },
    "node_modules/@noble/curves": {
      "version": "1.8.1",
      "resolved": "https://registry.npmjs.org/@noble/curves/-/curves-1.8.1.tgz",
      "integrity": "sha512-warwspo+UYUPep0Q+vtdVB4Ugn8GGQj8iyB3gnRWsztmUHTI3S1nhdiWNsPUGL0vud7JlRRk1XEu7Lq1KGTnMQ==",
      "dependencies": {
        "@noble/hashes": "1.7.1"
      },
      "engines": {
        "node": "^14.21.3 || >=16"
      },
      "funding": {
        "url": "https://paulmillr.com/funding/"
      }
    },
    "node_modules/@noble/hashes": {
      "version": "1.7.1",
      "resolved": "https://registry.npmjs.org/@noble/hashes/-/hashes-1.7.1.tgz",
      "integrity": "sha512-B8XBPsn4vT/KJAGqDzbwztd+6Yte3P4V7iafm24bxgDe/mlRuK6xmWPuCNrKt2vDafZ8MfJLlchDG/vYafQEjQ==",
      "engines": {
        "node": "^14.21.3 || >=16"
      },
      "funding": {
        "url": "https://paulmillr.com/funding/"
      }
    },
    "node_modules/@project-chip/matter.js": {
      "version": "0.11.9",
      "resolved": "https://registry.npmjs.org/@project-chip/matter.js/-/matter.js-0.11.9.tgz",
      "integrity": "sha512-r0ZXAdq2lB5w7pxkVjr/huo9hLeahUJIIxuJraXa980v67U8JNAzOOtrGboxvfgceCvDdWD40AD/1SRNnBF3gw==",
      "dependencies": {
        "@matter/general": "0.11.9",
        "@matter/model": "0.11.9",
        "@matter/node": "0.11.9",
        "@matter/protocol": "0.11.9",
        "@matter/types": "0.11.9",
        "@noble/curves": "^1.7.0"
      }
    },
    "node_modules/@types/node": {
      "version": "22.13.8",
      "resolved": "https://registry.npmjs.org/@types/node/-/node-22.13.8.tgz",
      "integrity": "sha512-G3EfaZS+iOGYWLLRCEAXdWK9my08oHNZ+FHluRiggIYJPOXzhOiDgpVCUHaUvyIC5/fj7C/p637jdzC666AOKQ==",
      "dev": true,
      "dependencies": {
        "undici-types": "~6.20.0"
      }
    },
    "node_modules/@types/uuid": {
      "version": "10.0.0",
      "resolved": "https://registry.npmjs.org/@types/uuid/-/uuid-10.0.0.tgz",
      "integrity": "sha512-7gqG38EyHgyP1S+7+xomFtL+ZNHcKv6DwNaCZmJmo1vgMugyF3TCnXVg4t1uk89mLNwnLtnY3TpOpCOyp1/xHQ==",
      "dev": true
    },
    "node_modules/@types/ws": {
      "version": "8.5.14",
      "resolved": "https://registry.npmjs.org/@types/ws/-/ws-8.5.14.tgz",
      "integrity": "sha512-bd/YFLW+URhBzMXurx7lWByOu+xzU9+kb3RboOteXYDfW+tr+JZa99OyNmPINEGB/ahzKrEuc8rcv4gnpJmxTw==",
      "dev": true,
      "dependencies": {
        "@types/node": "*"
      }
    },
    "node_modules/imurmurhash": {
      "version": "0.1.4",
      "resolved": "https://registry.npmjs.org/imurmurhash/-/imurmurhash-0.1.4.tgz",
      "integrity": "sha512-JmXMZ6wuvDmLiHEml9ykzqO6lwFbof0GG4IkcGaENdCRDDmMVnny7s5HsIgHCbaq0w2MyPhDqkhTUgS2LU2PHA==",
      "optional": true,
      "engines": {
        "node": ">=0.8.19"
      }
    },
    "node_modules/node-localstorage": {
      "version": "3.0.5",
      "resolved": "https://registry.npmjs.org/node-localstorage/-/node-localstorage-3.0.5.tgz",
      "integrity": "sha512-GCwtK33iwVXboZWYcqQHu3aRvXEBwmPkAMRBLeaX86ufhqslyUkLGsi4aW3INEfdQYpUB5M9qtYf3eHvAk2VBg==",
      "optional": true,
      "dependencies": {
        "write-file-atomic": "^5.0.1"
      },
      "engines": {
        "node": ">=0.12"
      }
    },
    "node_modules/signal-exit": {
      "version": "4.1.0",
      "resolved": "https://registry.npmjs.org/signal-exit/-/signal-exit-4.1.0.tgz",
      "integrity": "sha512-bzyZ1e88w9O1iNJbKnOlvYTrWPDl46O1bG0D3XInv+9tkPrxrN8jUUTiFlDkkmKWgn1M6CfIA13SuGqOa9Korw==",
      "optional": true,
      "engines": {
        "node": ">=14"
      },
      "funding": {
        "url": "https://github.com/sponsors/isaacs"
      }
    },
    "node_modules/typescript": {
      "version": "5.8.2",
      "resolved": "https://registry.npmjs.org/typescript/-/typescript-5.8.2.tgz",
      "integrity": "sha512-aJn6wq13/afZp/jT9QZmwEjDqqvSGp1VT5GVg+f/t6/oVyrgXM6BY1h9BRh/O5p3PlUPAe+WuiEZOmb/49RqoQ==",
      "dev": true,
      "bin": {
        "tsc": "bin/tsc",
        "tsserver": "bin/tsserver"
      },
      "engines": {
        "node": ">=14.17"
      }
    },
    "node_modules/undici-types": {
      "version": "6.20.0",
      "resolved": "https://registry.npmjs.org/undici-types/-/undici-types-6.20.0.tgz",
      "integrity": "sha512-Ny6QZ2Nju20vw1SRHe3d9jVu6gJ+4e3+MMpqu7pqE5HT6WsTSlce++GQmK5UXS8mzV8DSYHrQH+Xrf2jVcuKNg==",
      "dev": true
    },
    "node_modules/write-file-atomic": {
      "version": "5.0.1",
      "resolved": "https://registry.npmjs.org/write-file-atomic/-/write-file-atomic-5.0.1.tgz",
      "integrity": "sha512-+QU2zd6OTD8XWIJCbffaiQeH9U73qIqafo1x6V1snCWYGJf6cVE0cDR4D8xRzcEnfI21IFrUPzPGtcPf8AC+Rw==",
      "optional": true,
      "dependencies": {
        "imurmurhash": "^0.1.4",
        "signal-exit": "^4.0.1"
      },
      "engines": {
        "node": "^14.17.0 || ^16.13.0 || >=18.0.0"
      }
    },
    "node_modules/ws": {
      "version": "8.18.1",
      "resolved": "https://registry.npmjs.org/ws/-/ws-8.18.1.tgz",
      "integrity": "sha512-RKW2aJZMXeMxVpnZ6bck+RswznaxmzdULiBr6KY7XkTnW8uvt0iT9H5DkHUChXrc+uurzwa0rVI16n/Xzjdz1w==",
      "engines": {
        "node": ">=10.0.0"
      },
      "peerDependencies": {
        "bufferutil": "^4.0.1",
        "utf-8-validate": ">=5.0.2"
      },
      "peerDependenciesMeta": {
        "bufferutil": {
          "optional": true
        },
        "utf-8-validate": {
          "optional": true
        }
      }
    }
  }
}
